// !$*UTF8*$!
{
	archiveVersion = 1;
	classes = {
	};
	objectVersion = 55;
	objects = {

/* Begin PBXBuildFile section */
		791218A226AF115400ACF934 /* AppDelegate.m in Sources */ = {isa = PBXBuildFile; fileRef = 791218A126AF115400ACF934 /* AppDelegate.m */; };
		791218A826AF115400ACF934 /* ViewController.m in Sources */ = {isa = PBXBuildFile; fileRef = 791218A726AF115400ACF934 /* ViewController.m */; };
		791218AD26AF115500ACF934 /* Assets.xcassets in Resources */ = {isa = PBXBuildFile; fileRef = 791218AC26AF115500ACF934 /* Assets.xcassets */; };
		791218B026AF115500ACF934 /* LaunchScreen.storyboard in Resources */ = {isa = PBXBuildFile; fileRef = 791218AE26AF115500ACF934 /* LaunchScreen.storyboard */; };
		791218B326AF115500ACF934 /* main.m in Sources */ = {isa = PBXBuildFile; fileRef = 791218B226AF115500ACF934 /* main.m */; };
		791218BC26AF136400ACF934 /* UIImage+color.m in Sources */ = {isa = PBXBuildFile; fileRef = 791218BB26AF136400ACF934 /* UIImage+color.m */; };
		791218BF26AF142A00ACF934 /* UIColor+Hex.m in Sources */ = {isa = PBXBuildFile; fileRef = 791218BE26AF142A00ACF934 /* UIColor+Hex.m */; };
		791218C226AFBAA100ACF934 /* TMBgImgGeneratorVC.m in Sources */ = {isa = PBXBuildFile; fileRef = 791218C126AFBAA100ACF934 /* TMBgImgGeneratorVC.m */; };
		7919D73726D65A9300D04C12 /* UIButton+Relayout.m in Sources */ = {isa = PBXBuildFile; fileRef = 7919D73626D65A9300D04C12 /* UIButton+Relayout.m */; };
		7922CF0326C275FF00F9902E /* NSObject+THAutoDestructNoti.m in Sources */ = {isa = PBXBuildFile; fileRef = 7922CF0226C275FF00F9902E /* NSObject+THAutoDestructNoti.m */; };
		795686F726BAEF4D00889B45 /* NSDecimalNumber+Calculate.m in Sources */ = {isa = PBXBuildFile; fileRef = 795686F626BAEF4D00889B45 /* NSDecimalNumber+Calculate.m */; };
		797D490828AB462B0091ED79 /* THTimerProxy.m in Sources */ = {isa = PBXBuildFile; fileRef = 797D490728AB462B0091ED79 /* THTimerProxy.m */; };
		797D490B28AB7AAD0091ED79 /* THGCDTimer.m in Sources */ = {isa = PBXBuildFile; fileRef = 797D490A28AB7AAD0091ED79 /* THGCDTimer.m */; };
		799B1E5E26C186F700D34256 /* NSException+THTrackLog.m in Sources */ = {isa = PBXBuildFile; fileRef = 799B1E5D26C186F700D34256 /* NSException+THTrackLog.m */; };
		799DC1AF26B7135B00AEEB42 /* UIViewController+BackButtonHandler.m in Sources */ = {isa = PBXBuildFile; fileRef = 799DC1AE26B7135B00AEEB42 /* UIViewController+BackButtonHandler.m */; };
		799E755426CE322B00F64550 /* NSObject+PrintPrettyLog.m in Sources */ = {isa = PBXBuildFile; fileRef = 799E755326CE322B00F64550 /* NSObject+PrintPrettyLog.m */; };
		79A8448626B9331B00D6C46F /* NSObject+Swizzling.m in Sources */ = {isa = PBXBuildFile; fileRef = 79A8448526B9331B00D6C46F /* NSObject+Swizzling.m */; };
		79BCD71926BD930500CCF4DB /* UIDevice+DiskInfo.m in Sources */ = {isa = PBXBuildFile; fileRef = 79BCD71826BD930500CCF4DB /* UIDevice+DiskInfo.m */; };
		79BCD71C26BEE47D00CCF4DB /* NSArray+SafeAccess.m in Sources */ = {isa = PBXBuildFile; fileRef = 79BCD71B26BEE47D00CCF4DB /* NSArray+SafeAccess.m */; };
		79BCD71F26C03C4C00CCF4DB /* NSString+THEmoji.m in Sources */ = {isa = PBXBuildFile; fileRef = 79BCD71E26C03C4C00CCF4DB /* NSString+THEmoji.m */; };
		79C90BAB26B5AA63006A1344 /* NSString+URLEncode.m in Sources */ = {isa = PBXBuildFile; fileRef = 79C90BAA26B5AA63006A1344 /* NSString+URLEncode.m */; };
		79C90BB126B6A7FC006A1344 /* NSString+QRCode.m in Sources */ = {isa = PBXBuildFile; fileRef = 79C90BB026B6A7FC006A1344 /* NSString+QRCode.m */; };
		79CAC19926B1B34900A0EE71 /* NSString+Predicate.m in Sources */ = {isa = PBXBuildFile; fileRef = 79CAC19826B1B34900A0EE71 /* NSString+Predicate.m */; };
/* End PBXBuildFile section */

/* Begin PBXFileReference section */
		7912189D26AF115400ACF934 /* THKit.app */ = {isa = PBXFileReference; explicitFileType = wrapper.application; includeInIndex = 0; path = THKit.app; sourceTree = BUILT_PRODUCTS_DIR; };
		791218A026AF115400ACF934 /* AppDelegate.h */ = {isa = PBXFileReference; lastKnownFileType = sourcecode.c.h; path = AppDelegate.h; sourceTree = "<group>"; };
		791218A126AF115400ACF934 /* AppDelegate.m */ = {isa = PBXFileReference; lastKnownFileType = sourcecode.c.objc; path = AppDelegate.m; sourceTree = "<group>"; };
		791218A626AF115400ACF934 /* ViewController.h */ = {isa = PBXFileReference; lastKnownFileType = sourcecode.c.h; path = ViewController.h; sourceTree = "<group>"; };
		791218A726AF115400ACF934 /* ViewController.m */ = {isa = PBXFileReference; lastKnownFileType = sourcecode.c.objc; path = ViewController.m; sourceTree = "<group>"; };
		791218AC26AF115500ACF934 /* Assets.xcassets */ = {isa = PBXFileReference; lastKnownFileType = folder.assetcatalog; path = Assets.xcassets; sourceTree = "<group>"; };
		791218AF26AF115500ACF934 /* Base */ = {isa = PBXFileReference; lastKnownFileType = file.storyboard; name = Base; path = Base.lproj/LaunchScreen.storyboard; sourceTree = "<group>"; };
		791218B126AF115500ACF934 /* Info.plist */ = {isa = PBXFileReference; lastKnownFileType = text.plist.xml; path = Info.plist; sourceTree = "<group>"; };
		791218B226AF115500ACF934 /* main.m */ = {isa = PBXFileReference; lastKnownFileType = sourcecode.c.objc; path = main.m; sourceTree = "<group>"; };
		791218BA26AF136400ACF934 /* UIImage+color.h */ = {isa = PBXFileReference; lastKnownFileType = sourcecode.c.h; path = "UIImage+color.h"; sourceTree = "<group>"; };
		791218BB26AF136400ACF934 /* UIImage+color.m */ = {isa = PBXFileReference; lastKnownFileType = sourcecode.c.objc; path = "UIImage+color.m"; sourceTree = "<group>"; };
		791218BD26AF142A00ACF934 /* UIColor+Hex.h */ = {isa = PBXFileReference; fileEncoding = 4; lastKnownFileType = sourcecode.c.h; path = "UIColor+Hex.h"; sourceTree = "<group>"; };
		791218BE26AF142A00ACF934 /* UIColor+Hex.m */ = {isa = PBXFileReference; fileEncoding = 4; lastKnownFileType = sourcecode.c.objc; path = "UIColor+Hex.m"; sourceTree = "<group>"; };
		791218C026AFBAA100ACF934 /* TMBgImgGeneratorVC.h */ = {isa = PBXFileReference; lastKnownFileType = sourcecode.c.h; path = TMBgImgGeneratorVC.h; sourceTree = "<group>"; };
		791218C126AFBAA100ACF934 /* TMBgImgGeneratorVC.m */ = {isa = PBXFileReference; lastKnownFileType = sourcecode.c.objc; path = TMBgImgGeneratorVC.m; sourceTree = "<group>"; };
		7919D73526D65A9300D04C12 /* UIButton+Relayout.h */ = {isa = PBXFileReference; lastKnownFileType = sourcecode.c.h; path = "UIButton+Relayout.h"; sourceTree = "<group>"; };
		7919D73626D65A9300D04C12 /* UIButton+Relayout.m */ = {isa = PBXFileReference; lastKnownFileType = sourcecode.c.objc; path = "UIButton+Relayout.m"; sourceTree = "<group>"; };
		7922CF0126C275FF00F9902E /* NSObject+THAutoDestructNoti.h */ = {isa = PBXFileReference; lastKnownFileType = sourcecode.c.h; path = "NSObject+THAutoDestructNoti.h"; sourceTree = "<group>"; };
		7922CF0226C275FF00F9902E /* NSObject+THAutoDestructNoti.m */ = {isa = PBXFileReference; lastKnownFileType = sourcecode.c.objc; path = "NSObject+THAutoDestructNoti.m"; sourceTree = "<group>"; };
		795686F526BAEF4D00889B45 /* NSDecimalNumber+Calculate.h */ = {isa = PBXFileReference; lastKnownFileType = sourcecode.c.h; path = "NSDecimalNumber+Calculate.h"; sourceTree = "<group>"; };
		795686F626BAEF4D00889B45 /* NSDecimalNumber+Calculate.m */ = {isa = PBXFileReference; lastKnownFileType = sourcecode.c.objc; path = "NSDecimalNumber+Calculate.m"; sourceTree = "<group>"; };
		797D490628AB462B0091ED79 /* THTimerProxy.h */ = {isa = PBXFileReference; lastKnownFileType = sourcecode.c.h; path = THTimerProxy.h; sourceTree = "<group>"; };
		797D490728AB462B0091ED79 /* THTimerProxy.m */ = {isa = PBXFileReference; lastKnownFileType = sourcecode.c.objc; path = THTimerProxy.m; sourceTree = "<group>"; };
		797D490928AB7AAD0091ED79 /* THGCDTimer.h */ = {isa = PBXFileReference; lastKnownFileType = sourcecode.c.h; path = THGCDTimer.h; sourceTree = "<group>"; };
		797D490A28AB7AAD0091ED79 /* THGCDTimer.m */ = {isa = PBXFileReference; lastKnownFileType = sourcecode.c.objc; path = THGCDTimer.m; sourceTree = "<group>"; };
		799B1E5C26C186F700D34256 /* NSException+THTrackLog.h */ = {isa = PBXFileReference; lastKnownFileType = sourcecode.c.h; path = "NSException+THTrackLog.h"; sourceTree = "<group>"; };
		799B1E5D26C186F700D34256 /* NSException+THTrackLog.m */ = {isa = PBXFileReference; lastKnownFileType = sourcecode.c.objc; path = "NSException+THTrackLog.m"; sourceTree = "<group>"; };
		799DC1AD26B7135B00AEEB42 /* UIViewController+BackButtonHandler.h */ = {isa = PBXFileReference; lastKnownFileType = sourcecode.c.h; path = "UIViewController+BackButtonHandler.h"; sourceTree = "<group>"; };
		799DC1AE26B7135B00AEEB42 /* UIViewController+BackButtonHandler.m */ = {isa = PBXFileReference; lastKnownFileType = sourcecode.c.objc; path = "UIViewController+BackButtonHandler.m"; sourceTree = "<group>"; };
		799E755226CE322B00F64550 /* NSObject+PrintPrettyLog.h */ = {isa = PBXFileReference; lastKnownFileType = sourcecode.c.h; path = "NSObject+PrintPrettyLog.h"; sourceTree = "<group>"; };
		799E755326CE322B00F64550 /* NSObject+PrintPrettyLog.m */ = {isa = PBXFileReference; lastKnownFileType = sourcecode.c.objc; path = "NSObject+PrintPrettyLog.m"; sourceTree = "<group>"; };
		79A8448426B9331B00D6C46F /* NSObject+Swizzling.h */ = {isa = PBXFileReference; lastKnownFileType = sourcecode.c.h; path = "NSObject+Swizzling.h"; sourceTree = "<group>"; };
		79A8448526B9331B00D6C46F /* NSObject+Swizzling.m */ = {isa = PBXFileReference; lastKnownFileType = sourcecode.c.objc; path = "NSObject+Swizzling.m"; sourceTree = "<group>"; };
		79BCD71726BD930500CCF4DB /* UIDevice+DiskInfo.h */ = {isa = PBXFileReference; lastKnownFileType = sourcecode.c.h; path = "UIDevice+DiskInfo.h"; sourceTree = "<group>"; };
		79BCD71826BD930500CCF4DB /* UIDevice+DiskInfo.m */ = {isa = PBXFileReference; lastKnownFileType = sourcecode.c.objc; path = "UIDevice+DiskInfo.m"; sourceTree = "<group>"; };
		79BCD71A26BEE47D00CCF4DB /* NSArray+SafeAccess.h */ = {isa = PBXFileReference; lastKnownFileType = sourcecode.c.h; path = "NSArray+SafeAccess.h"; sourceTree = "<group>"; };
		79BCD71B26BEE47D00CCF4DB /* NSArray+SafeAccess.m */ = {isa = PBXFileReference; lastKnownFileType = sourcecode.c.objc; path = "NSArray+SafeAccess.m"; sourceTree = "<group>"; };
		79BCD71D26C03C4C00CCF4DB /* NSString+THEmoji.h */ = {isa = PBXFileReference; lastKnownFileType = sourcecode.c.h; path = "NSString+THEmoji.h"; sourceTree = "<group>"; };
		79BCD71E26C03C4C00CCF4DB /* NSString+THEmoji.m */ = {isa = PBXFileReference; lastKnownFileType = sourcecode.c.objc; path = "NSString+THEmoji.m"; sourceTree = "<group>"; };
		79C90BA926B5AA63006A1344 /* NSString+URLEncode.h */ = {isa = PBXFileReference; lastKnownFileType = sourcecode.c.h; path = "NSString+URLEncode.h"; sourceTree = "<group>"; };
		79C90BAA26B5AA63006A1344 /* NSString+URLEncode.m */ = {isa = PBXFileReference; lastKnownFileType = sourcecode.c.objc; path = "NSString+URLEncode.m"; sourceTree = "<group>"; };
		79C90BAF26B6A7FC006A1344 /* NSString+QRCode.h */ = {isa = PBXFileReference; lastKnownFileType = sourcecode.c.h; path = "NSString+QRCode.h"; sourceTree = "<group>"; };
		79C90BB026B6A7FC006A1344 /* NSString+QRCode.m */ = {isa = PBXFileReference; lastKnownFileType = sourcecode.c.objc; path = "NSString+QRCode.m"; sourceTree = "<group>"; };
		79CAC19726B1B34900A0EE71 /* NSString+Predicate.h */ = {isa = PBXFileReference; lastKnownFileType = sourcecode.c.h; path = "NSString+Predicate.h"; sourceTree = "<group>"; };
		79CAC19826B1B34900A0EE71 /* NSString+Predicate.m */ = {isa = PBXFileReference; lastKnownFileType = sourcecode.c.objc; path = "NSString+Predicate.m"; sourceTree = "<group>"; };
/* End PBXFileReference section */

/* Begin PBXFrameworksBuildPhase section */
		7912189A26AF115400ACF934 /* Frameworks */ = {
			isa = PBXFrameworksBuildPhase;
			buildActionMask = 2147483647;
			files = (
			);
			runOnlyForDeploymentPostprocessing = 0;
		};
/* End PBXFrameworksBuildPhase section */

/* Begin PBXGroup section */
		7912189426AF115400ACF934 = {
			isa = PBXGroup;
			children = (
				7912189F26AF115400ACF934 /* THKit */,
				7912189E26AF115400ACF934 /* Products */,
			);
			sourceTree = "<group>";
		};
		7912189E26AF115400ACF934 /* Products */ = {
			isa = PBXGroup;
			children = (
				7912189D26AF115400ACF934 /* THKit.app */,
			);
			name = Products;
			sourceTree = "<group>";
		};
		7912189F26AF115400ACF934 /* THKit */ = {
			isa = PBXGroup;
			children = (
				791218B926AF134900ACF934 /* THKit */,
				791218A026AF115400ACF934 /* AppDelegate.h */,
				791218A126AF115400ACF934 /* AppDelegate.m */,
				791218A626AF115400ACF934 /* ViewController.h */,
				791218A726AF115400ACF934 /* ViewController.m */,
				791218AC26AF115500ACF934 /* Assets.xcassets */,
				791218AE26AF115500ACF934 /* LaunchScreen.storyboard */,
				791218B126AF115500ACF934 /* Info.plist */,
				791218B226AF115500ACF934 /* main.m */,
				791218C026AFBAA100ACF934 /* TMBgImgGeneratorVC.h */,
				791218C126AFBAA100ACF934 /* TMBgImgGeneratorVC.m */,
			);
			path = THKit;
			sourceTree = "<group>";
		};
		791218B926AF134900ACF934 /* THKit */ = {
			isa = PBXGroup;
			children = (
				797D490528AB46040091ED79 /* Utilities */,
				797D490328AB45DE0091ED79 /* Category */,
			);
			path = THKit;
			sourceTree = "<group>";
		};
		797D490328AB45DE0091ED79 /* Category */ = {
			isa = PBXGroup;
			children = (
				791218BD26AF142A00ACF934 /* UIColor+Hex.h */,
				791218BE26AF142A00ACF934 /* UIColor+Hex.m */,
				791218BA26AF136400ACF934 /* UIImage+color.h */,
				791218BB26AF136400ACF934 /* UIImage+color.m */,
				79CAC19726B1B34900A0EE71 /* NSString+Predicate.h */,
				79CAC19826B1B34900A0EE71 /* NSString+Predicate.m */,
				79C90BA926B5AA63006A1344 /* NSString+URLEncode.h */,
				79C90BAA26B5AA63006A1344 /* NSString+URLEncode.m */,
				79C90BAF26B6A7FC006A1344 /* NSString+QRCode.h */,
				79C90BB026B6A7FC006A1344 /* NSString+QRCode.m */,
				799DC1AD26B7135B00AEEB42 /* UIViewController+BackButtonHandler.h */,
				799DC1AE26B7135B00AEEB42 /* UIViewController+BackButtonHandler.m */,
				79A8448426B9331B00D6C46F /* NSObject+Swizzling.h */,
				79A8448526B9331B00D6C46F /* NSObject+Swizzling.m */,
				795686F526BAEF4D00889B45 /* NSDecimalNumber+Calculate.h */,
				795686F626BAEF4D00889B45 /* NSDecimalNumber+Calculate.m */,
				79BCD71726BD930500CCF4DB /* UIDevice+DiskInfo.h */,
				79BCD71826BD930500CCF4DB /* UIDevice+DiskInfo.m */,
				79BCD71A26BEE47D00CCF4DB /* NSArray+SafeAccess.h */,
				79BCD71B26BEE47D00CCF4DB /* NSArray+SafeAccess.m */,
				79BCD71D26C03C4C00CCF4DB /* NSString+THEmoji.h */,
				79BCD71E26C03C4C00CCF4DB /* NSString+THEmoji.m */,
				799B1E5C26C186F700D34256 /* NSException+THTrackLog.h */,
				799B1E5D26C186F700D34256 /* NSException+THTrackLog.m */,
				7922CF0126C275FF00F9902E /* NSObject+THAutoDestructNoti.h */,
				7922CF0226C275FF00F9902E /* NSObject+THAutoDestructNoti.m */,
				799E755226CE322B00F64550 /* NSObject+PrintPrettyLog.h */,
				799E755326CE322B00F64550 /* NSObject+PrintPrettyLog.m */,
				7919D73526D65A9300D04C12 /* UIButton+Relayout.h */,
				7919D73626D65A9300D04C12 /* UIButton+Relayout.m */,
			);
			path = Category;
			sourceTree = "<group>";
		};
		797D490528AB46040091ED79 /* Utilities */ = {
			isa = PBXGroup;
			children = (
				797D490628AB462B0091ED79 /* THTimerProxy.h */,
				797D490728AB462B0091ED79 /* THTimerProxy.m */,
				797D490928AB7AAD0091ED79 /* THGCDTimer.h */,
				797D490A28AB7AAD0091ED79 /* THGCDTimer.m */,
			);
			path = Utilities;
			sourceTree = "<group>";
		};
/* End PBXGroup section */

/* Begin PBXNativeTarget section */
		7912189C26AF115400ACF934 /* THKit */ = {
			isa = PBXNativeTarget;
			buildConfigurationList = 791218B626AF115500ACF934 /* Build configuration list for PBXNativeTarget "THKit" */;
			buildPhases = (
				7912189926AF115400ACF934 /* Sources */,
				7912189A26AF115400ACF934 /* Frameworks */,
				7912189B26AF115400ACF934 /* Resources */,
			);
			buildRules = (
			);
			dependencies = (
			);
			name = THKit;
			productName = THKit;
			productReference = 7912189D26AF115400ACF934 /* THKit.app */;
			productType = "com.apple.product-type.application";
		};
/* End PBXNativeTarget section */

/* Begin PBXProject section */
		7912189526AF115400ACF934 /* Project object */ = {
			isa = PBXProject;
			attributes = {
				BuildIndependentTargetsInParallel = 1;
				LastUpgradeCheck = 1300;
				TargetAttributes = {
					7912189C26AF115400ACF934 = {
						CreatedOnToolsVersion = 13.0;
					};
				};
			};
			buildConfigurationList = 7912189826AF115400ACF934 /* Build configuration list for PBXProject "THKit" */;
			compatibilityVersion = "Xcode 13.0";
			developmentRegion = en;
			hasScannedForEncodings = 0;
			knownRegions = (
				en,
				Base,
			);
			mainGroup = 7912189426AF115400ACF934;
			productRefGroup = 7912189E26AF115400ACF934 /* Products */;
			projectDirPath = "";
			projectRoot = "";
			targets = (
				7912189C26AF115400ACF934 /* THKit */,
			);
		};
/* End PBXProject section */

/* Begin PBXResourcesBuildPhase section */
		7912189B26AF115400ACF934 /* Resources */ = {
			isa = PBXResourcesBuildPhase;
			buildActionMask = 2147483647;
			files = (
				791218B026AF115500ACF934 /* LaunchScreen.storyboard in Resources */,
				791218AD26AF115500ACF934 /* Assets.xcassets in Resources */,
			);
			runOnlyForDeploymentPostprocessing = 0;
		};
/* End PBXResourcesBuildPhase section */

/* Begin PBXSourcesBuildPhase section */
		7912189926AF115400ACF934 /* Sources */ = {
			isa = PBXSourcesBuildPhase;
			buildActionMask = 2147483647;
			files = (
				7919D73726D65A9300D04C12 /* UIButton+Relayout.m in Sources */,
				791218C226AFBAA100ACF934 /* TMBgImgGeneratorVC.m in Sources */,
				797D490B28AB7AAD0091ED79 /* THGCDTimer.m in Sources */,
				799B1E5E26C186F700D34256 /* NSException+THTrackLog.m in Sources */,
				799E755426CE322B00F64550 /* NSObject+PrintPrettyLog.m in Sources */,
				791218A826AF115400ACF934 /* ViewController.m in Sources */,
				79BCD71926BD930500CCF4DB /* UIDevice+DiskInfo.m in Sources */,
				791218BF26AF142A00ACF934 /* UIColor+Hex.m in Sources */,
				795686F726BAEF4D00889B45 /* NSDecimalNumber+Calculate.m in Sources */,
				79C90BAB26B5AA63006A1344 /* NSString+URLEncode.m in Sources */,
				7922CF0326C275FF00F9902E /* NSObject+THAutoDestructNoti.m in Sources */,
				79BCD71F26C03C4C00CCF4DB /* NSString+THEmoji.m in Sources */,
				791218BC26AF136400ACF934 /* UIImage+color.m in Sources */,
				79CAC19926B1B34900A0EE71 /* NSString+Predicate.m in Sources */,
				79C90BB126B6A7FC006A1344 /* NSString+QRCode.m in Sources */,
				791218A226AF115400ACF934 /* AppDelegate.m in Sources */,
				799DC1AF26B7135B00AEEB42 /* UIViewController+BackButtonHandler.m in Sources */,
				797D490828AB462B0091ED79 /* THTimerProxy.m in Sources */,
				791218B326AF115500ACF934 /* main.m in Sources */,
				79A8448626B9331B00D6C46F /* NSObject+Swizzling.m in Sources */,
				79BCD71C26BEE47D00CCF4DB /* NSArray+SafeAccess.m in Sources */,
			);
			runOnlyForDeploymentPostprocessing = 0;
		};
/* End PBXSourcesBuildPhase section */

/* Begin PBXVariantGroup section */
		791218AE26AF115500ACF934 /* LaunchScreen.storyboard */ = {
			isa = PBXVariantGroup;
			children = (
				791218AF26AF115500ACF934 /* Base */,
			);
			name = LaunchScreen.storyboard;
			sourceTree = "<group>";
		};
/* End PBXVariantGroup section */

/* Begin XCBuildConfiguration section */
		791218B426AF115500ACF934 /* Debug */ = {
			isa = XCBuildConfiguration;
			buildSettings = {
				ALWAYS_SEARCH_USER_PATHS = NO;
				CLANG_ANALYZER_NONNULL = YES;
				CLANG_ANALYZER_NUMBER_OBJECT_CONVERSION = YES_AGGRESSIVE;
				CLANG_CXX_LANGUAGE_STANDARD = "gnu++14";
				CLANG_CXX_LIBRARY = "libc++";
				CLANG_ENABLE_MODULES = YES;
				CLANG_ENABLE_OBJC_ARC = YES;
				CLANG_ENABLE_OBJC_WEAK = YES;
				CLANG_WARN_BLOCK_CAPTURE_AUTORELEASING = YES;
				CLANG_WARN_BOOL_CONVERSION = YES;
				CLANG_WARN_COMMA = YES;
				CLANG_WARN_CONSTANT_CONVERSION = YES;
				CLANG_WARN_DEPRECATED_OBJC_IMPLEMENTATIONS = YES;
				CLANG_WARN_DIRECT_OBJC_ISA_USAGE = YES_ERROR;
				CLANG_WARN_DOCUMENTATION_COMMENTS = YES;
				CLANG_WARN_EMPTY_BODY = YES;
				CLANG_WARN_ENUM_CONVERSION = YES;
				CLANG_WARN_INFINITE_RECURSION = YES;
				CLANG_WARN_INT_CONVERSION = YES;
				CLANG_WARN_NON_LITERAL_NULL_CONVERSION = YES;
				CLANG_WARN_OBJC_IMPLICIT_RETAIN_SELF = YES;
				CLANG_WARN_OBJC_LITERAL_CONVERSION = YES;
				CLANG_WARN_OBJC_ROOT_CLASS = YES_ERROR;
				CLANG_WARN_QUOTED_INCLUDE_IN_FRAMEWORK_HEADER = YES;
				CLANG_WARN_RANGE_LOOP_ANALYSIS = YES;
				CLANG_WARN_STRICT_PROTOTYPES = YES;
				CLANG_WARN_SUSPICIOUS_MOVE = YES;
				CLANG_WARN_UNGUARDED_AVAILABILITY = YES_AGGRESSIVE;
				CLANG_WARN_UNREACHABLE_CODE = YES;
				CLANG_WARN__DUPLICATE_METHOD_MATCH = YES;
				COPY_PHASE_STRIP = NO;
				DEBUG_INFORMATION_FORMAT = dwarf;
				ENABLE_STRICT_OBJC_MSGSEND = YES;
				ENABLE_TESTABILITY = YES;
				GCC_C_LANGUAGE_STANDARD = gnu11;
				GCC_DYNAMIC_NO_PIC = NO;
				GCC_NO_COMMON_BLOCKS = YES;
				GCC_OPTIMIZATION_LEVEL = 0;
				GCC_PREPROCESSOR_DEFINITIONS = (
					"DEBUG=1",
					"$(inherited)",
				);
				GCC_WARN_64_TO_32_BIT_CONVERSION = YES;
				GCC_WARN_ABOUT_RETURN_TYPE = YES_ERROR;
				GCC_WARN_UNDECLARED_SELECTOR = YES;
				GCC_WARN_UNINITIALIZED_AUTOS = YES_AGGRESSIVE;
				GCC_WARN_UNUSED_FUNCTION = YES;
				GCC_WARN_UNUSED_VARIABLE = YES;
				IPHONEOS_DEPLOYMENT_TARGET = 15.0;
				MTL_ENABLE_DEBUG_INFO = INCLUDE_SOURCE;
				MTL_FAST_MATH = YES;
				ONLY_ACTIVE_ARCH = YES;
				SDKROOT = iphoneos;
			};
			name = Debug;
		};
		791218B526AF115500ACF934 /* Release */ = {
			isa = XCBuildConfiguration;
			buildSettings = {
				ALWAYS_SEARCH_USER_PATHS = NO;
				CLANG_ANALYZER_NONNULL = YES;
				CLANG_ANALYZER_NUMBER_OBJECT_CONVERSION = YES_AGGRESSIVE;
				CLANG_CXX_LANGUAGE_STANDARD = "gnu++14";
				CLANG_CXX_LIBRARY = "libc++";
				CLANG_ENABLE_MODULES = YES;
				CLANG_ENABLE_OBJC_ARC = YES;
				CLANG_ENABLE_OBJC_WEAK = YES;
				CLANG_WARN_BLOCK_CAPTURE_AUTORELEASING = YES;
				CLANG_WARN_BOOL_CONVERSION = YES;
				CLANG_WARN_COMMA = YES;
				CLANG_WARN_CONSTANT_CONVERSION = YES;
				CLANG_WARN_DEPRECATED_OBJC_IMPLEMENTATIONS = YES;
				CLANG_WARN_DIRECT_OBJC_ISA_USAGE = YES_ERROR;
				CLANG_WARN_DOCUMENTATION_COMMENTS = YES;
				CLANG_WARN_EMPTY_BODY = YES;
				CLANG_WARN_ENUM_CONVERSION = YES;
				CLANG_WARN_INFINITE_RECURSION = YES;
				CLANG_WARN_INT_CONVERSION = YES;
				CLANG_WARN_NON_LITERAL_NULL_CONVERSION = YES;
				CLANG_WARN_OBJC_IMPLICIT_RETAIN_SELF = YES;
				CLANG_WARN_OBJC_LITERAL_CONVERSION = YES;
				CLANG_WARN_OBJC_ROOT_CLASS = YES_ERROR;
				CLANG_WARN_QUOTED_INCLUDE_IN_FRAMEWORK_HEADER = YES;
				CLANG_WARN_RANGE_LOOP_ANALYSIS = YES;
				CLANG_WARN_STRICT_PROTOTYPES = YES;
				CLANG_WARN_SUSPICIOUS_MOVE = YES;
				CLANG_WARN_UNGUARDED_AVAILABILITY = YES_AGGRESSIVE;
				CLANG_WARN_UNREACHABLE_CODE = YES;
				CLANG_WARN__DUPLICATE_METHOD_MATCH = YES;
				COPY_PHASE_STRIP = NO;
				DEBUG_INFORMATION_FORMAT = "dwarf-with-dsym";
				ENABLE_NS_ASSERTIONS = NO;
				ENABLE_STRICT_OBJC_MSGSEND = YES;
				GCC_C_LANGUAGE_STANDARD = gnu11;
				GCC_NO_COMMON_BLOCKS = YES;
				GCC_WARN_64_TO_32_BIT_CONVERSION = YES;
				GCC_WARN_ABOUT_RETURN_TYPE = YES_ERROR;
				GCC_WARN_UNDECLARED_SELECTOR = YES;
				GCC_WARN_UNINITIALIZED_AUTOS = YES_AGGRESSIVE;
				GCC_WARN_UNUSED_FUNCTION = YES;
				GCC_WARN_UNUSED_VARIABLE = YES;
				IPHONEOS_DEPLOYMENT_TARGET = 15.0;
				MTL_ENABLE_DEBUG_INFO = NO;
				MTL_FAST_MATH = YES;
				SDKROOT = iphoneos;
				VALIDATE_PRODUCT = YES;
			};
			name = Release;
		};
		791218B726AF115500ACF934 /* Debug */ = {
			isa = XCBuildConfiguration;
			buildSettings = {
				ASSETCATALOG_COMPILER_APPICON_NAME = AppIcon;
				ASSETCATALOG_COMPILER_GLOBAL_ACCENT_COLOR_NAME = AccentColor;
				CODE_SIGN_STYLE = Automatic;
				CURRENT_PROJECT_VERSION = 1;
				DEVELOPMENT_TEAM = PZX8G85BFY;
				GENERATE_INFOPLIST_FILE = YES;
				INFOPLIST_FILE = THKit/Info.plist;
				INFOPLIST_KEY_CFBundleExecutable = THKit;
				INFOPLIST_KEY_CFBundleName = THKit;
				INFOPLIST_KEY_CFBundleVersion = 1;
				INFOPLIST_KEY_UIApplicationSupportsIndirectInputEvents = YES;
				INFOPLIST_KEY_UILaunchStoryboardName = LaunchScreen;
				INFOPLIST_KEY_UISupportedInterfaceOrientations_iPad = "UIInterfaceOrientationPortrait UIInterfaceOrientationPortraitUpsideDown UIInterfaceOrientationLandscapeLeft UIInterfaceOrientationLandscapeRight";
				INFOPLIST_KEY_UISupportedInterfaceOrientations_iPhone = "UIInterfaceOrientationPortrait UIInterfaceOrientationLandscapeLeft UIInterfaceOrientationLandscapeRight";
				IPHONEOS_DEPLOYMENT_TARGET = 10.0;
				LD_RUNPATH_SEARCH_PATHS = (
					"$(inherited)",
					"@executable_path/Frameworks",
				);
				MARKETING_VERSION = 1.0;
				PRODUCT_BUNDLE_IDENTIFIER = Automatic.meal.selection.com.THKit;
				PRODUCT_NAME = "$(TARGET_NAME)";
				SWIFT_EMIT_LOC_STRINGS = YES;
				TARGETED_DEVICE_FAMILY = "1,2";
			};
			name = Debug;
		};
		791218B826AF115500ACF934 /* Release */ = {
			isa = XCBuildConfiguration;
			buildSettings = {
				ASSETCATALOG_COMPILER_APPICON_NAME = AppIcon;
				ASSETCATALOG_COMPILER_GLOBAL_ACCENT_COLOR_NAME = AccentColor;
				CODE_SIGN_STYLE = Automatic;
				CURRENT_PROJECT_VERSION = 1;
				DEVELOPMENT_TEAM = PZX8G85BFY;
				GENERATE_INFOPLIST_FILE = YES;
				INFOPLIST_FILE = THKit/Info.plist;
				INFOPLIST_KEY_CFBundleExecutable = THKit;
				INFOPLIST_KEY_CFBundleName = THKit;
				INFOPLIST_KEY_CFBundleVersion = 1;
				INFOPLIST_KEY_UIApplicationSupportsIndirectInputEvents = YES;
				INFOPLIST_KEY_UILaunchStoryboardName = LaunchScreen;
				INFOPLIST_KEY_UISupportedInterfaceOrientations_iPad = "UIInterfaceOrientationPortrait UIInterfaceOrientationPortraitUpsideDown UIInterfaceOrientationLandscapeLeft UIInterfaceOrientationLandscapeRight";
				INFOPLIST_KEY_UISupportedInterfaceOrientations_iPhone = "UIInterfaceOrientationPortrait UIInterfaceOrientationLandscapeLeft UIInterfaceOrientationLandscapeRight";
				IPHONEOS_DEPLOYMENT_TARGET = 10.0;
				LD_RUNPATH_SEARCH_PATHS = (
					"$(inherited)",
					"@executable_path/Frameworks",
				);
				MARKETING_VERSION = 1.0;
				PRODUCT_BUNDLE_IDENTIFIER = Automatic.meal.selection.com.THKit;
				PRODUCT_NAME = "$(TARGET_NAME)";
				SWIFT_EMIT_LOC_STRINGS = YES;
				TARGETED_DEVICE_FAMILY = "1,2";
			};
			name = Release;
		};
/* End XCBuildConfiguration section */

/* Begin XCConfigurationList section */
		7912189826AF115400ACF934 /* Build configuration list for PBXProject "THKit" */ = {
			isa = XCConfigurationList;
			buildConfigurations = (
				791218B426AF115500ACF934 /* Debug */,
				791218B526AF115500ACF934 /* Release */,
			);
			defaultConfigurationIsVisible = 0;
			defaultConfigurationName = Release;
		};
		791218B626AF115500ACF934 /* Build configuration list for PBXNativeTarget "THKit" */ = {
			isa = XCConfigurationList;
			buildConfigurations = (
				791218B726AF115500ACF934 /* Debug */,
				791218B826AF115500ACF934 /* Release */,
			);
			defaultConfigurationIsVisible = 0;
			defaultConfigurationName = Release;
		};
/* End XCConfigurationList section */
	};
	rootObject = 7912189526AF115400ACF934 /* Project object */;
}
